
Microsoft Visual Studio Solution File, Format Version 12.00
# Visual Studio Version 16
VisualStudioVersion = 16.0.30611.23
MinimumVisualStudioVersion = 10.0.40219.1
Project("{FAE04EC0-301F-11D3-BF4B-00C04F79EFBC}") = "trackMe", "trackMe.csproj", "{C7DDF1A2-0600-4FF5-8866-B31D39CEA48E}"
EndProject
Global
	GlobalSection(SolutionConfigurationPlatforms) = preSolution
		Debug|Any CPU = Debug|Any CPU
		Release|Any CPU = Release|Any CPU
	EndGlobalSection
	GlobalSection(ProjectConfigurationPlatforms) = postSolution
		{C7DDF1A2-0600-4FF5-8866-B31D39CEA48E}.Debug|Any CPU.ActiveCfg = Debug|Any CPU
		{C7DDF1A2-0600-4FF5-8866-B31D39CEA48E}.Debug|Any CPU.Build.0 = Debug|Any CPU
		{C7DDF1A2-0600-4FF5-8866-B31D39CEA48E}.Debug|Any CPU.Deploy.0 = Debug|Any CPU
		{C7DDF1A2-0600-4FF5-8866-B31D39CEA48E}.Release|Any CPU.ActiveCfg = Release|Any CPU
		{C7DDF1A2-0600-4FF5-8866-B31D39CEA48E}.Release|Any CPU.Build.0 = Release|Any CPU
		{C7DDF1A2-0600-4FF5-8866-B31D39CEA48E}.Release|Any CPU.Deploy.0 = Release|Any CPU
	EndGlobalSection
	GlobalSection(SolutionProperties) = preSolution
		HideSolutionNode = FALSE
	EndGlobalSection
	GlobalSection(ExtensibilityGlobals) = postSolution
		SolutionGuid = {12EF41E8-FFF9-4BCE-B2EE-9844C82CBC55}
	EndGlobalSection
EndGlobal
